
Microsoft Visual Studio Solution File, Format Version 12.00
# Visual Studio Version 16
VisualStudioVersion = 16.0.31129.286
MinimumVisualStudioVersion = 10.0.40219.1
Project("{9A19103F-16F7-4668-BE54-9A1E7A4F7556}") = "CryptoMiningCalculator", "CryptoMiningCalculator\CryptoMiningCalculator.csproj", "{9DC606D4-6390-46FA-87FE-10BAF6255E8F}"
EndProject
Global
	GlobalSection(SolutionConfigurationPlatforms) = preSolution
		Debug|Any CPU = Debug|Any CPU
		Release|Any CPU = Release|Any CPU
	EndGlobalSection
	GlobalSection(ProjectConfigurationPlatforms) = postSolution
		{9DC606D4-6390-46FA-87FE-10BAF6255E8F}.Debug|Any CPU.ActiveCfg = Debug|Any CPU
		{9DC606D4-6390-46FA-87FE-10BAF6255E8F}.Debug|Any CPU.Build.0 = Debug|Any CPU
		{9DC606D4-6390-46FA-87FE-10BAF6255E8F}.Release|Any CPU.ActiveCfg = Release|Any CPU
		{9DC606D4-6390-46FA-87FE-10BAF6255E8F}.Release|Any CPU.Build.0 = Release|Any CPU
	EndGlobalSection
	GlobalSection(SolutionProperties) = preSolution
		HideSolutionNode = FALSE
	EndGlobalSection
	GlobalSection(ExtensibilityGlobals) = postSolution
		SolutionGuid = {DABFB8C4-C22A-47B2-ABFF-50519B1B3EC4}
	EndGlobalSection
EndGlobal
